PODS:
  - Alamofire (4.9.1)
  - Cosmos (23.0.0)
  - Kingfisher (4.10.1)

DEPENDENCIES:
  - Alamofire
  - Cosmos (~> 23.0)
  - Kingfisher

SPEC REPOS:
  trunk:
    - Alamofire
    - Cosmos
    - Kingfisher

SPEC CHECKSUMS:
  Alamofire: 85e8a02c69d6020a0d734f6054870d7ecb75cf18
  Cosmos: b5c6a9a637e28a061b54c8f8b1d8529d7d4db73f
  Kingfisher: c148cd7b47ebde9989f6bc7c27dcaa79d81279a0

PODFILE CHECKSUM: 1804e662ad394587cd12518cb7d4e77aa4ecc60c

COCOAPODS: 1.11.3
