PODS:
  - Cosmos (23.0.0)
  - Kingfisher (4.10.1)

DEPENDENCIES:
  - Cosmos (~> 23.0)
  - Kingfisher

SPEC REPOS:
  trunk:
    - Cosmos
    - Kingfisher

SPEC CHECKSUMS:
  Cosmos: b5c6a9a637e28a061b54c8f8b1d8529d7d4db73f
  Kingfisher: c148cd7b47ebde9989f6bc7c27dcaa79d81279a0

PODFILE CHECKSUM: 80688e99f9a5a3e12ccce7095c4ae2692d935ade

COCOAPODS: 1.11.3
