// !$*UTF8*$!
{
	archiveVersion = 1;
	classes = {
	};
	objectVersion = 56;
	objects = {

/* Begin PBXBuildFile section */
		8050383B2991182100B79BBC /* HeresAFilmApp.swift in Sources */ = {isa = PBXBuildFile; fileRef = 8050383A2991182100B79BBC /* HeresAFilmApp.swift */; };
		8050383F2991182300B79BBC /* Assets.xcassets in Resources */ = {isa = PBXBuildFile; fileRef = 8050383E2991182300B79BBC /* Assets.xcassets */; };
		805038432991182300B79BBC /* Preview Assets.xcassets in Resources */ = {isa = PBXBuildFile; fileRef = 805038422991182300B79BBC /* Preview Assets.xcassets */; };
		8050384D2991182500B79BBC /* HeresAFilmTests.swift in Sources */ = {isa = PBXBuildFile; fileRef = 8050384C2991182500B79BBC /* HeresAFilmTests.swift */; };
		805038572991182500B79BBC /* HeresAFilmUITests.swift in Sources */ = {isa = PBXBuildFile; fileRef = 805038562991182500B79BBC /* HeresAFilmUITests.swift */; };
		805038592991182500B79BBC /* HeresAFilmUITestsLaunchTests.swift in Sources */ = {isa = PBXBuildFile; fileRef = 805038582991182500B79BBC /* HeresAFilmUITestsLaunchTests.swift */; };
		8050386629911C4800B79BBC /* JoinLogin.swift in Sources */ = {isa = PBXBuildFile; fileRef = 8050386529911C4800B79BBC /* JoinLogin.swift */; };
		8050386729911C4800B79BBC /* JoinLogin.swift in Sources */ = {isa = PBXBuildFile; fileRef = 8050386529911C4800B79BBC /* JoinLogin.swift */; };
		8050386829911C4800B79BBC /* JoinLogin.swift in Sources */ = {isa = PBXBuildFile; fileRef = 8050386529911C4800B79BBC /* JoinLogin.swift */; };
		8050386B2991232600B79BBC /* LogIn.swift in Sources */ = {isa = PBXBuildFile; fileRef = 8050386A2991232600B79BBC /* LogIn.swift */; };
		8050386C2991232600B79BBC /* LogIn.swift in Sources */ = {isa = PBXBuildFile; fileRef = 8050386A2991232600B79BBC /* LogIn.swift */; };
		8050386D2991232600B79BBC /* LogIn.swift in Sources */ = {isa = PBXBuildFile; fileRef = 8050386A2991232600B79BBC /* LogIn.swift */; };
		8050386F29913FD300B79BBC /* Join.swift in Sources */ = {isa = PBXBuildFile; fileRef = 8050386E29913FD300B79BBC /* Join.swift */; };
		8050387029913FD300B79BBC /* Join.swift in Sources */ = {isa = PBXBuildFile; fileRef = 8050386E29913FD300B79BBC /* Join.swift */; };
		8050387129913FD300B79BBC /* Join.swift in Sources */ = {isa = PBXBuildFile; fileRef = 8050386E29913FD300B79BBC /* Join.swift */; };
		8050387429914BED00B79BBC /* EnterTextfield.swift in Sources */ = {isa = PBXBuildFile; fileRef = 8050387329914BED00B79BBC /* EnterTextfield.swift */; };
		8050387529914BED00B79BBC /* EnterTextfield.swift in Sources */ = {isa = PBXBuildFile; fileRef = 8050387329914BED00B79BBC /* EnterTextfield.swift */; };
		8050387629914BED00B79BBC /* EnterTextfield.swift in Sources */ = {isa = PBXBuildFile; fileRef = 8050387329914BED00B79BBC /* EnterTextfield.swift */; };
		8050387829914C1200B79BBC /* Passwordfield.swift in Sources */ = {isa = PBXBuildFile; fileRef = 8050387729914C1200B79BBC /* Passwordfield.swift */; };
		8050387929914C1200B79BBC /* Passwordfield.swift in Sources */ = {isa = PBXBuildFile; fileRef = 8050387729914C1200B79BBC /* Passwordfield.swift */; };
		8050387A29914C1200B79BBC /* Passwordfield.swift in Sources */ = {isa = PBXBuildFile; fileRef = 8050387729914C1200B79BBC /* Passwordfield.swift */; };
		8050387D29914D9400B79BBC /* JoinViewModel.swift in Sources */ = {isa = PBXBuildFile; fileRef = 8050387C29914D9400B79BBC /* JoinViewModel.swift */; };
		8050387E29914D9400B79BBC /* JoinViewModel.swift in Sources */ = {isa = PBXBuildFile; fileRef = 8050387C29914D9400B79BBC /* JoinViewModel.swift */; };
		8050387F29914D9400B79BBC /* JoinViewModel.swift in Sources */ = {isa = PBXBuildFile; fileRef = 8050387C29914D9400B79BBC /* JoinViewModel.swift */; };
		80503884299162BE00B79BBC /* TMDB_API.swift in Sources */ = {isa = PBXBuildFile; fileRef = 80503883299162BE00B79BBC /* TMDB_API.swift */; };
		80503885299162BE00B79BBC /* TMDB_API.swift in Sources */ = {isa = PBXBuildFile; fileRef = 80503883299162BE00B79BBC /* TMDB_API.swift */; };
		80503886299162BE00B79BBC /* TMDB_API.swift in Sources */ = {isa = PBXBuildFile; fileRef = 80503883299162BE00B79BBC /* TMDB_API.swift */; };
		805038892991698F00B79BBC /* Movie.swift in Sources */ = {isa = PBXBuildFile; fileRef = 805038882991698F00B79BBC /* Movie.swift */; };
		8050388A2991698F00B79BBC /* Movie.swift in Sources */ = {isa = PBXBuildFile; fileRef = 805038882991698F00B79BBC /* Movie.swift */; };
		8050388B2991698F00B79BBC /* Movie.swift in Sources */ = {isa = PBXBuildFile; fileRef = 805038882991698F00B79BBC /* Movie.swift */; };
		8050388D29916BD200B79BBC /* Cast.swift in Sources */ = {isa = PBXBuildFile; fileRef = 8050388C29916BD200B79BBC /* Cast.swift */; };
		8050388E29916BD200B79BBC /* Cast.swift in Sources */ = {isa = PBXBuildFile; fileRef = 8050388C29916BD200B79BBC /* Cast.swift */; };
		8050388F29916BD200B79BBC /* Cast.swift in Sources */ = {isa = PBXBuildFile; fileRef = 8050388C29916BD200B79BBC /* Cast.swift */; };
		8050389129916C5E00B79BBC /* Review.swift in Sources */ = {isa = PBXBuildFile; fileRef = 8050389029916C5E00B79BBC /* Review.swift */; };
		8050389229916C5E00B79BBC /* Review.swift in Sources */ = {isa = PBXBuildFile; fileRef = 8050389029916C5E00B79BBC /* Review.swift */; };
		8050389329916C5E00B79BBC /* Review.swift in Sources */ = {isa = PBXBuildFile; fileRef = 8050389029916C5E00B79BBC /* Review.swift */; };
		8050389529916D8A00B79BBC /* NetworkManager.swift in Sources */ = {isa = PBXBuildFile; fileRef = 8050389429916D8A00B79BBC /* NetworkManager.swift */; };
		8050389629916D8A00B79BBC /* NetworkManager.swift in Sources */ = {isa = PBXBuildFile; fileRef = 8050389429916D8A00B79BBC /* NetworkManager.swift */; };
		8050389729916D8A00B79BBC /* NetworkManager.swift in Sources */ = {isa = PBXBuildFile; fileRef = 8050389429916D8A00B79BBC /* NetworkManager.swift */; };
		8050389A29916EA700B79BBC /* Alamofire in Frameworks */ = {isa = PBXBuildFile; productRef = 8050389929916EA700B79BBC /* Alamofire */; };
		8072F6C22993A65D0023E17D /* API.swift in Sources */ = {isa = PBXBuildFile; fileRef = 8072F6C12993A65D0023E17D /* API.swift */; };
		8072F6C32993A65D0023E17D /* API.swift in Sources */ = {isa = PBXBuildFile; fileRef = 8072F6C12993A65D0023E17D /* API.swift */; };
		8072F6C42993A65D0023E17D /* API.swift in Sources */ = {isa = PBXBuildFile; fileRef = 8072F6C12993A65D0023E17D /* API.swift */; };
		8072F6C62993DEC70023E17D /* LogInViewModel.swift in Sources */ = {isa = PBXBuildFile; fileRef = 8072F6C52993DEC70023E17D /* LogInViewModel.swift */; };
		8072F6C72993DEC70023E17D /* LogInViewModel.swift in Sources */ = {isa = PBXBuildFile; fileRef = 8072F6C52993DEC70023E17D /* LogInViewModel.swift */; };
		8072F6C82993DEC70023E17D /* LogInViewModel.swift in Sources */ = {isa = PBXBuildFile; fileRef = 8072F6C52993DEC70023E17D /* LogInViewModel.swift */; };
		8072F6D62993EB8C0023E17D /* Tokens.swift in Sources */ = {isa = PBXBuildFile; fileRef = 8072F6D52993EB8C0023E17D /* Tokens.swift */; };
		8072F6D72993EB8C0023E17D /* Tokens.swift in Sources */ = {isa = PBXBuildFile; fileRef = 8072F6D52993EB8C0023E17D /* Tokens.swift */; };
		8072F6D82993EB8C0023E17D /* Tokens.swift in Sources */ = {isa = PBXBuildFile; fileRef = 8072F6D52993EB8C0023E17D /* Tokens.swift */; };
		8072F6DA2993F2BA0023E17D /* APIManager.swift in Sources */ = {isa = PBXBuildFile; fileRef = 8072F6D92993F2BA0023E17D /* APIManager.swift */; };
		8072F6DB2993F2BA0023E17D /* APIManager.swift in Sources */ = {isa = PBXBuildFile; fileRef = 8072F6D92993F2BA0023E17D /* APIManager.swift */; };
		8072F6DC2993F2BA0023E17D /* APIManager.swift in Sources */ = {isa = PBXBuildFile; fileRef = 8072F6D92993F2BA0023E17D /* APIManager.swift */; };
		8072F6DE2993F35C0023E17D /* User.swift in Sources */ = {isa = PBXBuildFile; fileRef = 8072F6DD2993F35C0023E17D /* User.swift */; };
		8072F6DF2993F35C0023E17D /* User.swift in Sources */ = {isa = PBXBuildFile; fileRef = 8072F6DD2993F35C0023E17D /* User.swift */; };
		8072F6E02993F35C0023E17D /* User.swift in Sources */ = {isa = PBXBuildFile; fileRef = 8072F6DD2993F35C0023E17D /* User.swift */; };
		8072F6E32993FA140023E17D /* UserFilms.swift in Sources */ = {isa = PBXBuildFile; fileRef = 8072F6E22993FA140023E17D /* UserFilms.swift */; };
		8072F6E42993FA140023E17D /* UserFilms.swift in Sources */ = {isa = PBXBuildFile; fileRef = 8072F6E22993FA140023E17D /* UserFilms.swift */; };
		8072F6E52993FA140023E17D /* UserFilms.swift in Sources */ = {isa = PBXBuildFile; fileRef = 8072F6E22993FA140023E17D /* UserFilms.swift */; };
		80B4480429924C4A00F5F00A /* MovieURL.swift in Sources */ = {isa = PBXBuildFile; fileRef = 80B4480329924C4A00F5F00A /* MovieURL.swift */; };
		80B4480529924C4A00F5F00A /* MovieURL.swift in Sources */ = {isa = PBXBuildFile; fileRef = 80B4480329924C4A00F5F00A /* MovieURL.swift */; };
		80B4480629924C4A00F5F00A /* MovieURL.swift in Sources */ = {isa = PBXBuildFile; fileRef = 80B4480329924C4A00F5F00A /* MovieURL.swift */; };
		80B4480829924D1C00F5F00A /* MovieDownloadManager.swift in Sources */ = {isa = PBXBuildFile; fileRef = 80B4480729924D1C00F5F00A /* MovieDownloadManager.swift */; };
		80B4480929924D1C00F5F00A /* MovieDownloadManager.swift in Sources */ = {isa = PBXBuildFile; fileRef = 80B4480729924D1C00F5F00A /* MovieDownloadManager.swift */; };
		80B4480A29924D1C00F5F00A /* MovieDownloadManager.swift in Sources */ = {isa = PBXBuildFile; fileRef = 80B4480729924D1C00F5F00A /* MovieDownloadManager.swift */; };
		80B4480C29924FB200F5F00A /* MovieReviewsManager.swift in Sources */ = {isa = PBXBuildFile; fileRef = 80B4480B29924FB200F5F00A /* MovieReviewsManager.swift */; };
		80B4480D29924FB200F5F00A /* MovieReviewsManager.swift in Sources */ = {isa = PBXBuildFile; fileRef = 80B4480B29924FB200F5F00A /* MovieReviewsManager.swift */; };
		80B4480E29924FB200F5F00A /* MovieReviewsManager.swift in Sources */ = {isa = PBXBuildFile; fileRef = 80B4480B29924FB200F5F00A /* MovieReviewsManager.swift */; };
		80B448112992517200F5F00A /* ImageLoader.swift in Sources */ = {isa = PBXBuildFile; fileRef = 80B448102992517200F5F00A /* ImageLoader.swift */; };
		80B448122992517200F5F00A /* ImageLoader.swift in Sources */ = {isa = PBXBuildFile; fileRef = 80B448102992517200F5F00A /* ImageLoader.swift */; };
		80B448132992517200F5F00A /* ImageLoader.swift in Sources */ = {isa = PBXBuildFile; fileRef = 80B448102992517200F5F00A /* ImageLoader.swift */; };
		80B44815299257D600F5F00A /* ImageCache.swift in Sources */ = {isa = PBXBuildFile; fileRef = 80B44814299257D600F5F00A /* ImageCache.swift */; };
		80B44816299257D600F5F00A /* ImageCache.swift in Sources */ = {isa = PBXBuildFile; fileRef = 80B44814299257D600F5F00A /* ImageCache.swift */; };
		80B44817299257D600F5F00A /* ImageCache.swift in Sources */ = {isa = PBXBuildFile; fileRef = 80B44814299257D600F5F00A /* ImageCache.swift */; };
		80B448192992635F00F5F00A /* EnvironmentValues+ImageCache.swift in Sources */ = {isa = PBXBuildFile; fileRef = 80B448182992635F00F5F00A /* EnvironmentValues+ImageCache.swift */; };
		80B4481A2992635F00F5F00A /* EnvironmentValues+ImageCache.swift in Sources */ = {isa = PBXBuildFile; fileRef = 80B448182992635F00F5F00A /* EnvironmentValues+ImageCache.swift */; };
		80B4481B2992635F00F5F00A /* EnvironmentValues+ImageCache.swift in Sources */ = {isa = PBXBuildFile; fileRef = 80B448182992635F00F5F00A /* EnvironmentValues+ImageCache.swift */; };
		80B4481D299263D200F5F00A /* AsyncImage.swift in Sources */ = {isa = PBXBuildFile; fileRef = 80B4481C299263D200F5F00A /* AsyncImage.swift */; };
		80B4481E299263D200F5F00A /* AsyncImage.swift in Sources */ = {isa = PBXBuildFile; fileRef = 80B4481C299263D200F5F00A /* AsyncImage.swift */; };
		80B4481F299263D200F5F00A /* AsyncImage.swift in Sources */ = {isa = PBXBuildFile; fileRef = 80B4481C299263D200F5F00A /* AsyncImage.swift */; };
		80B448212992668800F5F00A /* TrendingMovies.swift in Sources */ = {isa = PBXBuildFile; fileRef = 80B448202992668800F5F00A /* TrendingMovies.swift */; };
		80B448222992668800F5F00A /* TrendingMovies.swift in Sources */ = {isa = PBXBuildFile; fileRef = 80B448202992668800F5F00A /* TrendingMovies.swift */; };
		80B448232992668800F5F00A /* TrendingMovies.swift in Sources */ = {isa = PBXBuildFile; fileRef = 80B448202992668800F5F00A /* TrendingMovies.swift */; };
		80B448272992712500F5F00A /* MovieCell.swift in Sources */ = {isa = PBXBuildFile; fileRef = 80B448262992712500F5F00A /* MovieCell.swift */; };
		80B448282992712500F5F00A /* MovieCell.swift in Sources */ = {isa = PBXBuildFile; fileRef = 80B448262992712500F5F00A /* MovieCell.swift */; };
		80B448292992712500F5F00A /* MovieCell.swift in Sources */ = {isa = PBXBuildFile; fileRef = 80B448262992712500F5F00A /* MovieCell.swift */; };
		80B4482C299280C600F5F00A /* MovieDetails.swift in Sources */ = {isa = PBXBuildFile; fileRef = 80B4482B299280C600F5F00A /* MovieDetails.swift */; };
		80B4482D299280C600F5F00A /* MovieDetails.swift in Sources */ = {isa = PBXBuildFile; fileRef = 80B4482B299280C600F5F00A /* MovieDetails.swift */; };
		80B4482E299280C600F5F00A /* MovieDetails.swift in Sources */ = {isa = PBXBuildFile; fileRef = 80B4482B299280C600F5F00A /* MovieDetails.swift */; };
		80B448302992965C00F5F00A /* MovieReview.swift in Sources */ = {isa = PBXBuildFile; fileRef = 80B4482F2992965C00F5F00A /* MovieReview.swift */; };
		80B448312992965C00F5F00A /* MovieReview.swift in Sources */ = {isa = PBXBuildFile; fileRef = 80B4482F2992965C00F5F00A /* MovieReview.swift */; };
		80B448322992965C00F5F00A /* MovieReview.swift in Sources */ = {isa = PBXBuildFile; fileRef = 80B4482F2992965C00F5F00A /* MovieReview.swift */; };
		80B44834299298BB00F5F00A /* DiscoverMovies.swift in Sources */ = {isa = PBXBuildFile; fileRef = 80B44833299298BB00F5F00A /* DiscoverMovies.swift */; };
		80B44835299298BB00F5F00A /* DiscoverMovies.swift in Sources */ = {isa = PBXBuildFile; fileRef = 80B44833299298BB00F5F00A /* DiscoverMovies.swift */; };
		80B44836299298BB00F5F00A /* DiscoverMovies.swift in Sources */ = {isa = PBXBuildFile; fileRef = 80B44833299298BB00F5F00A /* DiscoverMovies.swift */; };
		80B448382992AA7800F5F00A /* Dashboard.swift in Sources */ = {isa = PBXBuildFile; fileRef = 80B448372992AA7800F5F00A /* Dashboard.swift */; };
		80B448392992AA7800F5F00A /* Dashboard.swift in Sources */ = {isa = PBXBuildFile; fileRef = 80B448372992AA7800F5F00A /* Dashboard.swift */; };
		80B4483A2992AA7800F5F00A /* Dashboard.swift in Sources */ = {isa = PBXBuildFile; fileRef = 80B448372992AA7800F5F00A /* Dashboard.swift */; };
/* End PBXBuildFile section */

/* Begin PBXContainerItemProxy section */
		805038492991182500B79BBC /* PBXContainerItemProxy */ = {
			isa = PBXContainerItemProxy;
			containerPortal = 8050382F2991182100B79BBC /* Project object */;
			proxyType = 1;
			remoteGlobalIDString = 805038362991182100B79BBC;
			remoteInfo = HeresAFilm;
		};
		805038532991182500B79BBC /* PBXContainerItemProxy */ = {
			isa = PBXContainerItemProxy;
			containerPortal = 8050382F2991182100B79BBC /* Project object */;
			proxyType = 1;
			remoteGlobalIDString = 805038362991182100B79BBC;
			remoteInfo = HeresAFilm;
		};
/* End PBXContainerItemProxy section */

/* Begin PBXFileReference section */
		805038372991182100B79BBC /* HeresAFilm.app */ = {isa = PBXFileReference; explicitFileType = wrapper.application; includeInIndex = 0; path = HeresAFilm.app; sourceTree = BUILT_PRODUCTS_DIR; };
		8050383A2991182100B79BBC /* HeresAFilmApp.swift */ = {isa = PBXFileReference; lastKnownFileType = sourcecode.swift; path = HeresAFilmApp.swift; sourceTree = "<group>"; };
		8050383E2991182300B79BBC /* Assets.xcassets */ = {isa = PBXFileReference; lastKnownFileType = folder.assetcatalog; path = Assets.xcassets; sourceTree = "<group>"; };
		805038402991182300B79BBC /* HeresAFilm.entitlements */ = {isa = PBXFileReference; lastKnownFileType = text.plist.entitlements; path = HeresAFilm.entitlements; sourceTree = "<group>"; };
		805038422991182300B79BBC /* Preview Assets.xcassets */ = {isa = PBXFileReference; lastKnownFileType = folder.assetcatalog; path = "Preview Assets.xcassets"; sourceTree = "<group>"; };
		805038482991182500B79BBC /* HeresAFilmTests.xctest */ = {isa = PBXFileReference; explicitFileType = wrapper.cfbundle; includeInIndex = 0; path = HeresAFilmTests.xctest; sourceTree = BUILT_PRODUCTS_DIR; };
		8050384C2991182500B79BBC /* HeresAFilmTests.swift */ = {isa = PBXFileReference; lastKnownFileType = sourcecode.swift; path = HeresAFilmTests.swift; sourceTree = "<group>"; };
		805038522991182500B79BBC /* HeresAFilmUITests.xctest */ = {isa = PBXFileReference; explicitFileType = wrapper.cfbundle; includeInIndex = 0; path = HeresAFilmUITests.xctest; sourceTree = BUILT_PRODUCTS_DIR; };
		805038562991182500B79BBC /* HeresAFilmUITests.swift */ = {isa = PBXFileReference; lastKnownFileType = sourcecode.swift; path = HeresAFilmUITests.swift; sourceTree = "<group>"; };
		805038582991182500B79BBC /* HeresAFilmUITestsLaunchTests.swift */ = {isa = PBXFileReference; lastKnownFileType = sourcecode.swift; path = HeresAFilmUITestsLaunchTests.swift; sourceTree = "<group>"; };
		8050386529911C4800B79BBC /* JoinLogin.swift */ = {isa = PBXFileReference; lastKnownFileType = sourcecode.swift; path = JoinLogin.swift; sourceTree = "<group>"; };
		8050386A2991232600B79BBC /* LogIn.swift */ = {isa = PBXFileReference; lastKnownFileType = sourcecode.swift; path = LogIn.swift; sourceTree = "<group>"; };
		8050386E29913FD300B79BBC /* Join.swift */ = {isa = PBXFileReference; lastKnownFileType = sourcecode.swift; path = Join.swift; sourceTree = "<group>"; };
		8050387329914BED00B79BBC /* EnterTextfield.swift */ = {isa = PBXFileReference; lastKnownFileType = sourcecode.swift; path = EnterTextfield.swift; sourceTree = "<group>"; };
		8050387729914C1200B79BBC /* Passwordfield.swift */ = {isa = PBXFileReference; lastKnownFileType = sourcecode.swift; path = Passwordfield.swift; sourceTree = "<group>"; };
		8050387C29914D9400B79BBC /* JoinViewModel.swift */ = {isa = PBXFileReference; lastKnownFileType = sourcecode.swift; path = JoinViewModel.swift; sourceTree = "<group>"; };
		80503883299162BE00B79BBC /* TMDB_API.swift */ = {isa = PBXFileReference; lastKnownFileType = sourcecode.swift; path = TMDB_API.swift; sourceTree = "<group>"; };
		805038882991698F00B79BBC /* Movie.swift */ = {isa = PBXFileReference; lastKnownFileType = sourcecode.swift; path = Movie.swift; sourceTree = "<group>"; };
		8050388C29916BD200B79BBC /* Cast.swift */ = {isa = PBXFileReference; lastKnownFileType = sourcecode.swift; path = Cast.swift; sourceTree = "<group>"; };
		8050389029916C5E00B79BBC /* Review.swift */ = {isa = PBXFileReference; lastKnownFileType = sourcecode.swift; path = Review.swift; sourceTree = "<group>"; };
		8050389429916D8A00B79BBC /* NetworkManager.swift */ = {isa = PBXFileReference; lastKnownFileType = sourcecode.swift; path = NetworkManager.swift; sourceTree = "<group>"; };
		8072F6C12993A65D0023E17D /* API.swift */ = {isa = PBXFileReference; lastKnownFileType = sourcecode.swift; path = API.swift; sourceTree = "<group>"; };
		8072F6C52993DEC70023E17D /* LogInViewModel.swift */ = {isa = PBXFileReference; lastKnownFileType = sourcecode.swift; path = LogInViewModel.swift; sourceTree = "<group>"; };
		8072F6D52993EB8C0023E17D /* Tokens.swift */ = {isa = PBXFileReference; lastKnownFileType = sourcecode.swift; path = Tokens.swift; sourceTree = "<group>"; };
		8072F6D92993F2BA0023E17D /* APIManager.swift */ = {isa = PBXFileReference; lastKnownFileType = sourcecode.swift; path = APIManager.swift; sourceTree = "<group>"; };
		8072F6DD2993F35C0023E17D /* User.swift */ = {isa = PBXFileReference; lastKnownFileType = sourcecode.swift; path = User.swift; sourceTree = "<group>"; };
		8072F6E22993FA140023E17D /* UserFilms.swift */ = {isa = PBXFileReference; lastKnownFileType = sourcecode.swift; path = UserFilms.swift; sourceTree = "<group>"; };
		80B4480329924C4A00F5F00A /* MovieURL.swift */ = {isa = PBXFileReference; lastKnownFileType = sourcecode.swift; path = MovieURL.swift; sourceTree = "<group>"; };
		80B4480729924D1C00F5F00A /* MovieDownloadManager.swift */ = {isa = PBXFileReference; lastKnownFileType = sourcecode.swift; path = MovieDownloadManager.swift; sourceTree = "<group>"; };
		80B4480B29924FB200F5F00A /* MovieReviewsManager.swift */ = {isa = PBXFileReference; lastKnownFileType = sourcecode.swift; path = MovieReviewsManager.swift; sourceTree = "<group>"; };
		80B448102992517200F5F00A /* ImageLoader.swift */ = {isa = PBXFileReference; lastKnownFileType = sourcecode.swift; path = ImageLoader.swift; sourceTree = "<group>"; };
		80B44814299257D600F5F00A /* ImageCache.swift */ = {isa = PBXFileReference; lastKnownFileType = sourcecode.swift; path = ImageCache.swift; sourceTree = "<group>"; };
		80B448182992635F00F5F00A /* EnvironmentValues+ImageCache.swift */ = {isa = PBXFileReference; lastKnownFileType = sourcecode.swift; path = "EnvironmentValues+ImageCache.swift"; sourceTree = "<group>"; };
		80B4481C299263D200F5F00A /* AsyncImage.swift */ = {isa = PBXFileReference; lastKnownFileType = sourcecode.swift; path = AsyncImage.swift; sourceTree = "<group>"; };
		80B448202992668800F5F00A /* TrendingMovies.swift */ = {isa = PBXFileReference; lastKnownFileType = sourcecode.swift; path = TrendingMovies.swift; sourceTree = "<group>"; };
		80B448262992712500F5F00A /* MovieCell.swift */ = {isa = PBXFileReference; lastKnownFileType = sourcecode.swift; path = MovieCell.swift; sourceTree = "<group>"; };
		80B4482B299280C600F5F00A /* MovieDetails.swift */ = {isa = PBXFileReference; lastKnownFileType = sourcecode.swift; path = MovieDetails.swift; sourceTree = "<group>"; };
		80B4482F2992965C00F5F00A /* MovieReview.swift */ = {isa = PBXFileReference; lastKnownFileType = sourcecode.swift; path = MovieReview.swift; sourceTree = "<group>"; };
		80B44833299298BB00F5F00A /* DiscoverMovies.swift */ = {isa = PBXFileReference; lastKnownFileType = sourcecode.swift; path = DiscoverMovies.swift; sourceTree = "<group>"; };
		80B448372992AA7800F5F00A /* Dashboard.swift */ = {isa = PBXFileReference; lastKnownFileType = sourcecode.swift; path = Dashboard.swift; sourceTree = "<group>"; };
/* End PBXFileReference section */

/* Begin PBXFrameworksBuildPhase section */
		805038342991182100B79BBC /* Frameworks */ = {
			isa = PBXFrameworksBuildPhase;
			buildActionMask = 2147483647;
			files = (
				8050389A29916EA700B79BBC /* Alamofire in Frameworks */,
			);
			runOnlyForDeploymentPostprocessing = 0;
		};
		805038452991182500B79BBC /* Frameworks */ = {
			isa = PBXFrameworksBuildPhase;
			buildActionMask = 2147483647;
			files = (
			);
			runOnlyForDeploymentPostprocessing = 0;
		};
		8050384F2991182500B79BBC /* Frameworks */ = {
			isa = PBXFrameworksBuildPhase;
			buildActionMask = 2147483647;
			files = (
			);
			runOnlyForDeploymentPostprocessing = 0;
		};
/* End PBXFrameworksBuildPhase section */

/* Begin PBXGroup section */
		8050382E2991182100B79BBC = {
			isa = PBXGroup;
			children = (
				805038392991182100B79BBC /* HeresAFilm */,
				8050384B2991182500B79BBC /* HeresAFilmTests */,
				805038552991182500B79BBC /* HeresAFilmUITests */,
				805038382991182100B79BBC /* Products */,
			);
			sourceTree = "<group>";
		};
		805038382991182100B79BBC /* Products */ = {
			isa = PBXGroup;
			children = (
				805038372991182100B79BBC /* HeresAFilm.app */,
				805038482991182500B79BBC /* HeresAFilmTests.xctest */,
				805038522991182500B79BBC /* HeresAFilmUITests.xctest */,
			);
			name = Products;
			sourceTree = "<group>";
		};
		805038392991182100B79BBC /* HeresAFilm */ = {
			isa = PBXGroup;
			children = (
				80B4480F2992515700F5F00A /* Utils */,
				805038872991697700B79BBC /* Models */,
				80503882299162A400B79BBC /* Network */,
				8050387B29914D7E00B79BBC /* ViewModels */,
				8050387229914BCF00B79BBC /* Components */,
				8050386929911C5100B79BBC /* Views */,
				8050383A2991182100B79BBC /* HeresAFilmApp.swift */,
				8050383E2991182300B79BBC /* Assets.xcassets */,
				805038402991182300B79BBC /* HeresAFilm.entitlements */,
				805038412991182300B79BBC /* Preview Content */,
			);
			path = HeresAFilm;
			sourceTree = "<group>";
		};
		805038412991182300B79BBC /* Preview Content */ = {
			isa = PBXGroup;
			children = (
				805038422991182300B79BBC /* Preview Assets.xcassets */,
			);
			path = "Preview Content";
			sourceTree = "<group>";
		};
		8050384B2991182500B79BBC /* HeresAFilmTests */ = {
			isa = PBXGroup;
			children = (
				8050384C2991182500B79BBC /* HeresAFilmTests.swift */,
			);
			path = HeresAFilmTests;
			sourceTree = "<group>";
		};
		805038552991182500B79BBC /* HeresAFilmUITests */ = {
			isa = PBXGroup;
			children = (
				805038562991182500B79BBC /* HeresAFilmUITests.swift */,
				805038582991182500B79BBC /* HeresAFilmUITestsLaunchTests.swift */,
			);
			path = HeresAFilmUITests;
			sourceTree = "<group>";
		};
		8050386929911C5100B79BBC /* Views */ = {
			isa = PBXGroup;
			children = (
				80B448242992710B00F5F00A /* Cells */,
				805038812991601000B79BBC /* Dashboard */,
				805038802991590A00B79BBC /* JoinLogin */,
			);
			path = Views;
			sourceTree = "<group>";
		};
		8050387229914BCF00B79BBC /* Components */ = {
			isa = PBXGroup;
			children = (
				8050387329914BED00B79BBC /* EnterTextfield.swift */,
				8050387729914C1200B79BBC /* Passwordfield.swift */,
			);
			path = Components;
			sourceTree = "<group>";
		};
		8050387B29914D7E00B79BBC /* ViewModels */ = {
			isa = PBXGroup;
			children = (
				8050387C29914D9400B79BBC /* JoinViewModel.swift */,
				8072F6C52993DEC70023E17D /* LogInViewModel.swift */,
			);
			path = ViewModels;
			sourceTree = "<group>";
		};
		805038802991590A00B79BBC /* JoinLogin */ = {
			isa = PBXGroup;
			children = (
				8050386529911C4800B79BBC /* JoinLogin.swift */,
				8050386A2991232600B79BBC /* LogIn.swift */,
				8050386E29913FD300B79BBC /* Join.swift */,
			);
			path = JoinLogin;
			sourceTree = "<group>";
		};
		805038812991601000B79BBC /* Dashboard */ = {
			isa = PBXGroup;
			children = (
				80B448202992668800F5F00A /* TrendingMovies.swift */,
				80B4482B299280C600F5F00A /* MovieDetails.swift */,
				80B4482F2992965C00F5F00A /* MovieReview.swift */,
				80B44833299298BB00F5F00A /* DiscoverMovies.swift */,
				80B448372992AA7800F5F00A /* Dashboard.swift */,
			);
			path = Dashboard;
			sourceTree = "<group>";
		};
		80503882299162A400B79BBC /* Network */ = {
			isa = PBXGroup;
			children = (
				8072F6D02993E57E0023E17D /* API */,
				80503883299162BE00B79BBC /* TMDB_API.swift */,
				8050389429916D8A00B79BBC /* NetworkManager.swift */,
				80B4480329924C4A00F5F00A /* MovieURL.swift */,
				80B4480729924D1C00F5F00A /* MovieDownloadManager.swift */,
				80B4480B29924FB200F5F00A /* MovieReviewsManager.swift */,
			);
			path = Network;
			sourceTree = "<group>";
		};
		805038872991697700B79BBC /* Models */ = {
			isa = PBXGroup;
			children = (
				805038882991698F00B79BBC /* Movie.swift */,
				8050388C29916BD200B79BBC /* Cast.swift */,
				8050389029916C5E00B79BBC /* Review.swift */,
				8072F6D52993EB8C0023E17D /* Tokens.swift */,
				8072F6DD2993F35C0023E17D /* User.swift */,
				8072F6E22993FA140023E17D /* UserFilms.swift */,
			);
			path = Models;
			sourceTree = "<group>";
		};
		8072F6D02993E57E0023E17D /* API */ = {
			isa = PBXGroup;
			children = (
				8072F6C12993A65D0023E17D /* API.swift */,
				8072F6D92993F2BA0023E17D /* APIManager.swift */,
			);
			path = API;
			sourceTree = "<group>";
		};
		80B4480F2992515700F5F00A /* Utils */ = {
			isa = PBXGroup;
			children = (
				80B448102992517200F5F00A /* ImageLoader.swift */,
				80B44814299257D600F5F00A /* ImageCache.swift */,
				80B448182992635F00F5F00A /* EnvironmentValues+ImageCache.swift */,
				80B4481C299263D200F5F00A /* AsyncImage.swift */,
			);
			path = Utils;
			sourceTree = "<group>";
		};
		80B448242992710B00F5F00A /* Cells */ = {
			isa = PBXGroup;
			children = (
				80B448262992712500F5F00A /* MovieCell.swift */,
			);
			path = Cells;
			sourceTree = "<group>";
		};
/* End PBXGroup section */

/* Begin PBXNativeTarget section */
		805038362991182100B79BBC /* HeresAFilm */ = {
			isa = PBXNativeTarget;
			buildConfigurationList = 8050385C2991182500B79BBC /* Build configuration list for PBXNativeTarget "HeresAFilm" */;
			buildPhases = (
				805038332991182100B79BBC /* Sources */,
				805038342991182100B79BBC /* Frameworks */,
				805038352991182100B79BBC /* Resources */,
			);
			buildRules = (
			);
			dependencies = (
			);
			name = HeresAFilm;
			packageProductDependencies = (
				8050389929916EA700B79BBC /* Alamofire */,
			);
			productName = HeresAFilm;
			productReference = 805038372991182100B79BBC /* HeresAFilm.app */;
			productType = "com.apple.product-type.application";
		};
		805038472991182500B79BBC /* HeresAFilmTests */ = {
			isa = PBXNativeTarget;
			buildConfigurationList = 8050385F2991182500B79BBC /* Build configuration list for PBXNativeTarget "HeresAFilmTests" */;
			buildPhases = (
				805038442991182500B79BBC /* Sources */,
				805038452991182500B79BBC /* Frameworks */,
				805038462991182500B79BBC /* Resources */,
			);
			buildRules = (
			);
			dependencies = (
				8050384A2991182500B79BBC /* PBXTargetDependency */,
			);
			name = HeresAFilmTests;
			productName = HeresAFilmTests;
			productReference = 805038482991182500B79BBC /* HeresAFilmTests.xctest */;
			productType = "com.apple.product-type.bundle.unit-test";
		};
		805038512991182500B79BBC /* HeresAFilmUITests */ = {
			isa = PBXNativeTarget;
			buildConfigurationList = 805038622991182500B79BBC /* Build configuration list for PBXNativeTarget "HeresAFilmUITests" */;
			buildPhases = (
				8050384E2991182500B79BBC /* Sources */,
				8050384F2991182500B79BBC /* Frameworks */,
				805038502991182500B79BBC /* Resources */,
			);
			buildRules = (
			);
			dependencies = (
				805038542991182500B79BBC /* PBXTargetDependency */,
			);
			name = HeresAFilmUITests;
			productName = HeresAFilmUITests;
			productReference = 805038522991182500B79BBC /* HeresAFilmUITests.xctest */;
			productType = "com.apple.product-type.bundle.ui-testing";
		};
/* End PBXNativeTarget section */

/* Begin PBXProject section */
		8050382F2991182100B79BBC /* Project object */ = {
			isa = PBXProject;
			attributes = {
				BuildIndependentTargetsInParallel = 1;
				LastSwiftUpdateCheck = 1420;
				LastUpgradeCheck = 1420;
				TargetAttributes = {
					805038362991182100B79BBC = {
						CreatedOnToolsVersion = 14.2;
					};
					805038472991182500B79BBC = {
						CreatedOnToolsVersion = 14.2;
						TestTargetID = 805038362991182100B79BBC;
					};
					805038512991182500B79BBC = {
						CreatedOnToolsVersion = 14.2;
						TestTargetID = 805038362991182100B79BBC;
					};
				};
			};
			buildConfigurationList = 805038322991182100B79BBC /* Build configuration list for PBXProject "HeresAFilm" */;
			compatibilityVersion = "Xcode 14.0";
			developmentRegion = en;
			hasScannedForEncodings = 0;
			knownRegions = (
				en,
				Base,
			);
			mainGroup = 8050382E2991182100B79BBC;
			packageReferences = (
				8050389829916EA700B79BBC /* XCRemoteSwiftPackageReference "Alamofire" */,
				8072F6CD2993E4350023E17D /* XCRemoteSwiftPackageReference "SwiftKeychainWrapper" */,
				8072F6E12993F9280023E17D /* XCRemoteSwiftPackageReference "keychain-swift" */,
			);
			productRefGroup = 805038382991182100B79BBC /* Products */;
			projectDirPath = "";
			projectRoot = "";
			targets = (
				805038362991182100B79BBC /* HeresAFilm */,
				805038472991182500B79BBC /* HeresAFilmTests */,
				805038512991182500B79BBC /* HeresAFilmUITests */,
			);
		};
/* End PBXProject section */

/* Begin PBXResourcesBuildPhase section */
		805038352991182100B79BBC /* Resources */ = {
			isa = PBXResourcesBuildPhase;
			buildActionMask = 2147483647;
			files = (
				805038432991182300B79BBC /* Preview Assets.xcassets in Resources */,
				8050383F2991182300B79BBC /* Assets.xcassets in Resources */,
			);
			runOnlyForDeploymentPostprocessing = 0;
		};
		805038462991182500B79BBC /* Resources */ = {
			isa = PBXResourcesBuildPhase;
			buildActionMask = 2147483647;
			files = (
			);
			runOnlyForDeploymentPostprocessing = 0;
		};
		805038502991182500B79BBC /* Resources */ = {
			isa = PBXResourcesBuildPhase;
			buildActionMask = 2147483647;
			files = (
			);
			runOnlyForDeploymentPostprocessing = 0;
		};
/* End PBXResourcesBuildPhase section */

/* Begin PBXSourcesBuildPhase section */
		805038332991182100B79BBC /* Sources */ = {
			isa = PBXSourcesBuildPhase;
			buildActionMask = 2147483647;
			files = (
				80B448212992668800F5F00A /* TrendingMovies.swift in Sources */,
				8050389529916D8A00B79BBC /* NetworkManager.swift in Sources */,
				8050386629911C4800B79BBC /* JoinLogin.swift in Sources */,
				80B44815299257D600F5F00A /* ImageCache.swift in Sources */,
				8050386F29913FD300B79BBC /* Join.swift in Sources */,
				8072F6DA2993F2BA0023E17D /* APIManager.swift in Sources */,
				80B4482C299280C600F5F00A /* MovieDetails.swift in Sources */,
				80B448192992635F00F5F00A /* EnvironmentValues+ImageCache.swift in Sources */,
				8072F6DE2993F35C0023E17D /* User.swift in Sources */,
				80B4480429924C4A00F5F00A /* MovieURL.swift in Sources */,
				8072F6C22993A65D0023E17D /* API.swift in Sources */,
				8050388D29916BD200B79BBC /* Cast.swift in Sources */,
				805038892991698F00B79BBC /* Movie.swift in Sources */,
				80B448112992517200F5F00A /* ImageLoader.swift in Sources */,
				8050387D29914D9400B79BBC /* JoinViewModel.swift in Sources */,
				8072F6C62993DEC70023E17D /* LogInViewModel.swift in Sources */,
				8050387829914C1200B79BBC /* Passwordfield.swift in Sources */,
				8050389129916C5E00B79BBC /* Review.swift in Sources */,
				8050383B2991182100B79BBC /* HeresAFilmApp.swift in Sources */,
				80B448272992712500F5F00A /* MovieCell.swift in Sources */,
				80B448302992965C00F5F00A /* MovieReview.swift in Sources */,
				80B448382992AA7800F5F00A /* Dashboard.swift in Sources */,
				80B44834299298BB00F5F00A /* DiscoverMovies.swift in Sources */,
				80B4480829924D1C00F5F00A /* MovieDownloadManager.swift in Sources */,
				8050387429914BED00B79BBC /* EnterTextfield.swift in Sources */,
				8072F6E32993FA140023E17D /* UserFilms.swift in Sources */,
				80B4481D299263D200F5F00A /* AsyncImage.swift in Sources */,
				80503884299162BE00B79BBC /* TMDB_API.swift in Sources */,
				80B4480C29924FB200F5F00A /* MovieReviewsManager.swift in Sources */,
				8050386B2991232600B79BBC /* LogIn.swift in Sources */,
				8072F6D62993EB8C0023E17D /* Tokens.swift in Sources */,
			);
			runOnlyForDeploymentPostprocessing = 0;
		};
		805038442991182500B79BBC /* Sources */ = {
			isa = PBXSourcesBuildPhase;
			buildActionMask = 2147483647;
			files = (
				80B448222992668800F5F00A /* TrendingMovies.swift in Sources */,
				8050389629916D8A00B79BBC /* NetworkManager.swift in Sources */,
				8050387E29914D9400B79BBC /* JoinViewModel.swift in Sources */,
				80B44816299257D600F5F00A /* ImageCache.swift in Sources */,
				8050384D2991182500B79BBC /* HeresAFilmTests.swift in Sources */,
				8072F6DB2993F2BA0023E17D /* APIManager.swift in Sources */,
				80B4482D299280C600F5F00A /* MovieDetails.swift in Sources */,
				80B4481A2992635F00F5F00A /* EnvironmentValues+ImageCache.swift in Sources */,
				8072F6DF2993F35C0023E17D /* User.swift in Sources */,
				80B4480529924C4A00F5F00A /* MovieURL.swift in Sources */,
				8072F6C32993A65D0023E17D /* API.swift in Sources */,
				8050388E29916BD200B79BBC /* Cast.swift in Sources */,
				8050388A2991698F00B79BBC /* Movie.swift in Sources */,
				80B448122992517200F5F00A /* ImageLoader.swift in Sources */,
				8050387029913FD300B79BBC /* Join.swift in Sources */,
				8072F6C72993DEC70023E17D /* LogInViewModel.swift in Sources */,
				8050386C2991232600B79BBC /* LogIn.swift in Sources */,
				8050389229916C5E00B79BBC /* Review.swift in Sources */,
				8050387529914BED00B79BBC /* EnterTextfield.swift in Sources */,
				80B448282992712500F5F00A /* MovieCell.swift in Sources */,
				80B448312992965C00F5F00A /* MovieReview.swift in Sources */,
				80B448392992AA7800F5F00A /* Dashboard.swift in Sources */,
				80B44835299298BB00F5F00A /* DiscoverMovies.swift in Sources */,
				80B4480929924D1C00F5F00A /* MovieDownloadManager.swift in Sources */,
				8050386729911C4800B79BBC /* JoinLogin.swift in Sources */,
				8072F6E42993FA140023E17D /* UserFilms.swift in Sources */,
				80B4481E299263D200F5F00A /* AsyncImage.swift in Sources */,
				80503885299162BE00B79BBC /* TMDB_API.swift in Sources */,
				80B4480D29924FB200F5F00A /* MovieReviewsManager.swift in Sources */,
				8050387929914C1200B79BBC /* Passwordfield.swift in Sources */,
				8072F6D72993EB8C0023E17D /* Tokens.swift in Sources */,
			);
			runOnlyForDeploymentPostprocessing = 0;
		};
		8050384E2991182500B79BBC /* Sources */ = {
			isa = PBXSourcesBuildPhase;
			buildActionMask = 2147483647;
			files = (
				8072F6C82993DEC70023E17D /* LogInViewModel.swift in Sources */,
				80B4481F299263D200F5F00A /* AsyncImage.swift in Sources */,
				8050386829911C4800B79BBC /* JoinLogin.swift in Sources */,
				8050387129913FD300B79BBC /* Join.swift in Sources */,
				8072F6E52993FA140023E17D /* UserFilms.swift in Sources */,
				8072F6E02993F35C0023E17D /* User.swift in Sources */,
				8050387F29914D9400B79BBC /* JoinViewModel.swift in Sources */,
				8050389729916D8A00B79BBC /* NetworkManager.swift in Sources */,
				80B448232992668800F5F00A /* TrendingMovies.swift in Sources */,
				80B448322992965C00F5F00A /* MovieReview.swift in Sources */,
				8072F6C42993A65D0023E17D /* API.swift in Sources */,
				80B4480E29924FB200F5F00A /* MovieReviewsManager.swift in Sources */,
				80B4480629924C4A00F5F00A /* MovieURL.swift in Sources */,
				805038592991182500B79BBC /* HeresAFilmUITestsLaunchTests.swift in Sources */,
				8072F6DC2993F2BA0023E17D /* APIManager.swift in Sources */,
				8050388B2991698F00B79BBC /* Movie.swift in Sources */,
				8050389329916C5E00B79BBC /* Review.swift in Sources */,
				80B4482E299280C600F5F00A /* MovieDetails.swift in Sources */,
				8050387A29914C1200B79BBC /* Passwordfield.swift in Sources */,
				80B4483A2992AA7800F5F00A /* Dashboard.swift in Sources */,
				80B4481B2992635F00F5F00A /* EnvironmentValues+ImageCache.swift in Sources */,
				805038572991182500B79BBC /* HeresAFilmUITests.swift in Sources */,
				80B448292992712500F5F00A /* MovieCell.swift in Sources */,
				80B44836299298BB00F5F00A /* DiscoverMovies.swift in Sources */,
				80B448132992517200F5F00A /* ImageLoader.swift in Sources */,
				80B44817299257D600F5F00A /* ImageCache.swift in Sources */,
				8072F6D82993EB8C0023E17D /* Tokens.swift in Sources */,
				8050387629914BED00B79BBC /* EnterTextfield.swift in Sources */,
				8050388F29916BD200B79BBC /* Cast.swift in Sources */,
				80503886299162BE00B79BBC /* TMDB_API.swift in Sources */,
				8050386D2991232600B79BBC /* LogIn.swift in Sources */,
				80B4480A29924D1C00F5F00A /* MovieDownloadManager.swift in Sources */,
			);
			runOnlyForDeploymentPostprocessing = 0;
		};
/* End PBXSourcesBuildPhase section */

/* Begin PBXTargetDependency section */
		8050384A2991182500B79BBC /* PBXTargetDependency */ = {
			isa = PBXTargetDependency;
			target = 805038362991182100B79BBC /* HeresAFilm */;
			targetProxy = 805038492991182500B79BBC /* PBXContainerItemProxy */;
		};
		805038542991182500B79BBC /* PBXTargetDependency */ = {
			isa = PBXTargetDependency;
			target = 805038362991182100B79BBC /* HeresAFilm */;
			targetProxy = 805038532991182500B79BBC /* PBXContainerItemProxy */;
		};
/* End PBXTargetDependency section */

/* Begin XCBuildConfiguration section */
		8050385A2991182500B79BBC /* Debug */ = {
			isa = XCBuildConfiguration;
			buildSettings = {
				ALWAYS_SEARCH_USER_PATHS = NO;
				CLANG_ANALYZER_NONNULL = YES;
				CLANG_ANALYZER_NUMBER_OBJECT_CONVERSION = YES_AGGRESSIVE;
				CLANG_CXX_LANGUAGE_STANDARD = "gnu++20";
				CLANG_ENABLE_MODULES = YES;
				CLANG_ENABLE_OBJC_ARC = YES;
				CLANG_ENABLE_OBJC_WEAK = YES;
				CLANG_WARN_BLOCK_CAPTURE_AUTORELEASING = YES;
				CLANG_WARN_BOOL_CONVERSION = YES;
				CLANG_WARN_COMMA = YES;
				CLANG_WARN_CONSTANT_CONVERSION = YES;
				CLANG_WARN_DEPRECATED_OBJC_IMPLEMENTATIONS = YES;
				CLANG_WARN_DIRECT_OBJC_ISA_USAGE = YES_ERROR;
				CLANG_WARN_DOCUMENTATION_COMMENTS = YES;
				CLANG_WARN_EMPTY_BODY = YES;
				CLANG_WARN_ENUM_CONVERSION = YES;
				CLANG_WARN_INFINITE_RECURSION = YES;
				CLANG_WARN_INT_CONVERSION = YES;
				CLANG_WARN_NON_LITERAL_NULL_CONVERSION = YES;
				CLANG_WARN_OBJC_IMPLICIT_RETAIN_SELF = YES;
				CLANG_WARN_OBJC_LITERAL_CONVERSION = YES;
				CLANG_WARN_OBJC_ROOT_CLASS = YES_ERROR;
				CLANG_WARN_QUOTED_INCLUDE_IN_FRAMEWORK_HEADER = YES;
				CLANG_WARN_RANGE_LOOP_ANALYSIS = YES;
				CLANG_WARN_STRICT_PROTOTYPES = YES;
				CLANG_WARN_SUSPICIOUS_MOVE = YES;
				CLANG_WARN_UNGUARDED_AVAILABILITY = YES_AGGRESSIVE;
				CLANG_WARN_UNREACHABLE_CODE = YES;
				CLANG_WARN__DUPLICATE_METHOD_MATCH = YES;
				COPY_PHASE_STRIP = NO;
				DEBUG_INFORMATION_FORMAT = dwarf;
				ENABLE_STRICT_OBJC_MSGSEND = YES;
				ENABLE_TESTABILITY = YES;
				GCC_C_LANGUAGE_STANDARD = gnu11;
				GCC_DYNAMIC_NO_PIC = NO;
				GCC_NO_COMMON_BLOCKS = YES;
				GCC_OPTIMIZATION_LEVEL = 0;
				GCC_PREPROCESSOR_DEFINITIONS = (
					"DEBUG=1",
					"$(inherited)",
				);
				GCC_WARN_64_TO_32_BIT_CONVERSION = YES;
				GCC_WARN_ABOUT_RETURN_TYPE = YES_ERROR;
				GCC_WARN_UNDECLARED_SELECTOR = YES;
				GCC_WARN_UNINITIALIZED_AUTOS = YES_AGGRESSIVE;
				GCC_WARN_UNUSED_FUNCTION = YES;
				GCC_WARN_UNUSED_VARIABLE = YES;
				MTL_ENABLE_DEBUG_INFO = INCLUDE_SOURCE;
				MTL_FAST_MATH = YES;
				ONLY_ACTIVE_ARCH = YES;
				SWIFT_ACTIVE_COMPILATION_CONDITIONS = DEBUG;
				SWIFT_OPTIMIZATION_LEVEL = "-Onone";
			};
			name = Debug;
		};
		8050385B2991182500B79BBC /* Release */ = {
			isa = XCBuildConfiguration;
			buildSettings = {
				ALWAYS_SEARCH_USER_PATHS = NO;
				CLANG_ANALYZER_NONNULL = YES;
				CLANG_ANALYZER_NUMBER_OBJECT_CONVERSION = YES_AGGRESSIVE;
				CLANG_CXX_LANGUAGE_STANDARD = "gnu++20";
				CLANG_ENABLE_MODULES = YES;
				CLANG_ENABLE_OBJC_ARC = YES;
				CLANG_ENABLE_OBJC_WEAK = YES;
				CLANG_WARN_BLOCK_CAPTURE_AUTORELEASING = YES;
				CLANG_WARN_BOOL_CONVERSION = YES;
				CLANG_WARN_COMMA = YES;
				CLANG_WARN_CONSTANT_CONVERSION = YES;
				CLANG_WARN_DEPRECATED_OBJC_IMPLEMENTATIONS = YES;
				CLANG_WARN_DIRECT_OBJC_ISA_USAGE = YES_ERROR;
				CLANG_WARN_DOCUMENTATION_COMMENTS = YES;
				CLANG_WARN_EMPTY_BODY = YES;
				CLANG_WARN_ENUM_CONVERSION = YES;
				CLANG_WARN_INFINITE_RECURSION = YES;
				CLANG_WARN_INT_CONVERSION = YES;
				CLANG_WARN_NON_LITERAL_NULL_CONVERSION = YES;
				CLANG_WARN_OBJC_IMPLICIT_RETAIN_SELF = YES;
				CLANG_WARN_OBJC_LITERAL_CONVERSION = YES;
				CLANG_WARN_OBJC_ROOT_CLASS = YES_ERROR;
				CLANG_WARN_QUOTED_INCLUDE_IN_FRAMEWORK_HEADER = YES;
				CLANG_WARN_RANGE_LOOP_ANALYSIS = YES;
				CLANG_WARN_STRICT_PROTOTYPES = YES;
				CLANG_WARN_SUSPICIOUS_MOVE = YES;
				CLANG_WARN_UNGUARDED_AVAILABILITY = YES_AGGRESSIVE;
				CLANG_WARN_UNREACHABLE_CODE = YES;
				CLANG_WARN__DUPLICATE_METHOD_MATCH = YES;
				COPY_PHASE_STRIP = NO;
				DEBUG_INFORMATION_FORMAT = "dwarf-with-dsym";
				ENABLE_NS_ASSERTIONS = NO;
				ENABLE_STRICT_OBJC_MSGSEND = YES;
				GCC_C_LANGUAGE_STANDARD = gnu11;
				GCC_NO_COMMON_BLOCKS = YES;
				GCC_WARN_64_TO_32_BIT_CONVERSION = YES;
				GCC_WARN_ABOUT_RETURN_TYPE = YES_ERROR;
				GCC_WARN_UNDECLARED_SELECTOR = YES;
				GCC_WARN_UNINITIALIZED_AUTOS = YES_AGGRESSIVE;
				GCC_WARN_UNUSED_FUNCTION = YES;
				GCC_WARN_UNUSED_VARIABLE = YES;
				MTL_ENABLE_DEBUG_INFO = NO;
				MTL_FAST_MATH = YES;
				SWIFT_COMPILATION_MODE = wholemodule;
				SWIFT_OPTIMIZATION_LEVEL = "-O";
			};
			name = Release;
		};
		8050385D2991182500B79BBC /* Debug */ = {
			isa = XCBuildConfiguration;
			buildSettings = {
				ASSETCATALOG_COMPILER_APPICON_NAME = AppIcon;
				ASSETCATALOG_COMPILER_GLOBAL_ACCENT_COLOR_NAME = AccentColor;
				CODE_SIGN_ENTITLEMENTS = HeresAFilm/HeresAFilm.entitlements;
				CODE_SIGN_STYLE = Automatic;
				CURRENT_PROJECT_VERSION = 1;
				DEVELOPMENT_ASSET_PATHS = "\"HeresAFilm/Preview Content\"";
				DEVELOPMENT_TEAM = DV7K6U4KG2;
				ENABLE_HARDENED_RUNTIME = YES;
				ENABLE_PREVIEWS = YES;
				GENERATE_INFOPLIST_FILE = YES;
				"INFOPLIST_KEY_UIApplicationSceneManifest_Generation[sdk=iphoneos*]" = YES;
				"INFOPLIST_KEY_UIApplicationSceneManifest_Generation[sdk=iphonesimulator*]" = YES;
				"INFOPLIST_KEY_UIApplicationSupportsIndirectInputEvents[sdk=iphoneos*]" = YES;
				"INFOPLIST_KEY_UIApplicationSupportsIndirectInputEvents[sdk=iphonesimulator*]" = YES;
				"INFOPLIST_KEY_UILaunchScreen_Generation[sdk=iphoneos*]" = YES;
				"INFOPLIST_KEY_UILaunchScreen_Generation[sdk=iphonesimulator*]" = YES;
				"INFOPLIST_KEY_UIStatusBarStyle[sdk=iphoneos*]" = UIStatusBarStyleDefault;
				"INFOPLIST_KEY_UIStatusBarStyle[sdk=iphonesimulator*]" = UIStatusBarStyleDefault;
				INFOPLIST_KEY_UISupportedInterfaceOrientations_iPad = "UIInterfaceOrientationPortrait UIInterfaceOrientationPortraitUpsideDown UIInterfaceOrientationLandscapeLeft UIInterfaceOrientationLandscapeRight";
				INFOPLIST_KEY_UISupportedInterfaceOrientations_iPhone = "UIInterfaceOrientationPortrait UIInterfaceOrientationLandscapeLeft UIInterfaceOrientationLandscapeRight";
				IPHONEOS_DEPLOYMENT_TARGET = 16.2;
				LD_RUNPATH_SEARCH_PATHS = "@executable_path/Frameworks";
				"LD_RUNPATH_SEARCH_PATHS[sdk=macosx*]" = "@executable_path/../Frameworks";
				MACOSX_DEPLOYMENT_TARGET = 13.0;
				MARKETING_VERSION = 1.0;
				PRODUCT_BUNDLE_IDENTIFIER = niall.rooney.HeresAFilm;
				PRODUCT_NAME = "$(TARGET_NAME)";
				SDKROOT = auto;
				SUPPORTED_PLATFORMS = "iphoneos iphonesimulator macosx";
				SWIFT_EMIT_LOC_STRINGS = YES;
				SWIFT_VERSION = 5.0;
				TARGETED_DEVICE_FAMILY = "1,2";
			};
			name = Debug;
		};
		8050385E2991182500B79BBC /* Release */ = {
			isa = XCBuildConfiguration;
			buildSettings = {
				ASSETCATALOG_COMPILER_APPICON_NAME = AppIcon;
				ASSETCATALOG_COMPILER_GLOBAL_ACCENT_COLOR_NAME = AccentColor;
				CODE_SIGN_ENTITLEMENTS = HeresAFilm/HeresAFilm.entitlements;
				CODE_SIGN_STYLE = Automatic;
				CURRENT_PROJECT_VERSION = 1;
				DEVELOPMENT_ASSET_PATHS = "\"HeresAFilm/Preview Content\"";
				DEVELOPMENT_TEAM = DV7K6U4KG2;
				ENABLE_HARDENED_RUNTIME = YES;
				ENABLE_PREVIEWS = YES;
				GENERATE_INFOPLIST_FILE = YES;
				"INFOPLIST_KEY_UIApplicationSceneManifest_Generation[sdk=iphoneos*]" = YES;
				"INFOPLIST_KEY_UIApplicationSceneManifest_Generation[sdk=iphonesimulator*]" = YES;
				"INFOPLIST_KEY_UIApplicationSupportsIndirectInputEvents[sdk=iphoneos*]" = YES;
				"INFOPLIST_KEY_UIApplicationSupportsIndirectInputEvents[sdk=iphonesimulator*]" = YES;
				"INFOPLIST_KEY_UILaunchScreen_Generation[sdk=iphoneos*]" = YES;
				"INFOPLIST_KEY_UILaunchScreen_Generation[sdk=iphonesimulator*]" = YES;
				"INFOPLIST_KEY_UIStatusBarStyle[sdk=iphoneos*]" = UIStatusBarStyleDefault;
				"INFOPLIST_KEY_UIStatusBarStyle[sdk=iphonesimulator*]" = UIStatusBarStyleDefault;
				INFOPLIST_KEY_UISupportedInterfaceOrientations_iPad = "UIInterfaceOrientationPortrait UIInterfaceOrientationPortraitUpsideDown UIInterfaceOrientationLandscapeLeft UIInterfaceOrientationLandscapeRight";
				INFOPLIST_KEY_UISupportedInterfaceOrientations_iPhone = "UIInterfaceOrientationPortrait UIInterfaceOrientationLandscapeLeft UIInterfaceOrientationLandscapeRight";
				IPHONEOS_DEPLOYMENT_TARGET = 16.2;
				LD_RUNPATH_SEARCH_PATHS = "@executable_path/Frameworks";
				"LD_RUNPATH_SEARCH_PATHS[sdk=macosx*]" = "@executable_path/../Frameworks";
				MACOSX_DEPLOYMENT_TARGET = 13.0;
				MARKETING_VERSION = 1.0;
				PRODUCT_BUNDLE_IDENTIFIER = niall.rooney.HeresAFilm;
				PRODUCT_NAME = "$(TARGET_NAME)";
				SDKROOT = auto;
				SUPPORTED_PLATFORMS = "iphoneos iphonesimulator macosx";
				SWIFT_EMIT_LOC_STRINGS = YES;
				SWIFT_VERSION = 5.0;
				TARGETED_DEVICE_FAMILY = "1,2";
			};
			name = Release;
		};
		805038602991182500B79BBC /* Debug */ = {
			isa = XCBuildConfiguration;
			buildSettings = {
				ALWAYS_EMBED_SWIFT_STANDARD_LIBRARIES = YES;
				BUNDLE_LOADER = "$(TEST_HOST)";
				CODE_SIGN_STYLE = Automatic;
				CURRENT_PROJECT_VERSION = 1;
				DEVELOPMENT_TEAM = DV7K6U4KG2;
				GENERATE_INFOPLIST_FILE = YES;
				IPHONEOS_DEPLOYMENT_TARGET = 16.2;
				MACOSX_DEPLOYMENT_TARGET = 13.0;
				MARKETING_VERSION = 1.0;
				PRODUCT_BUNDLE_IDENTIFIER = niall.rooney.HeresAFilmTests;
				PRODUCT_NAME = "$(TARGET_NAME)";
				SDKROOT = auto;
				SUPPORTED_PLATFORMS = "iphoneos iphonesimulator macosx";
				SWIFT_EMIT_LOC_STRINGS = NO;
				SWIFT_VERSION = 5.0;
				TARGETED_DEVICE_FAMILY = "1,2";
				TEST_HOST = "$(BUILT_PRODUCTS_DIR)/HeresAFilm.app/$(BUNDLE_EXECUTABLE_FOLDER_PATH)/HeresAFilm";
			};
			name = Debug;
		};
		805038612991182500B79BBC /* Release */ = {
			isa = XCBuildConfiguration;
			buildSettings = {
				ALWAYS_EMBED_SWIFT_STANDARD_LIBRARIES = YES;
				BUNDLE_LOADER = "$(TEST_HOST)";
				CODE_SIGN_STYLE = Automatic;
				CURRENT_PROJECT_VERSION = 1;
				DEVELOPMENT_TEAM = DV7K6U4KG2;
				GENERATE_INFOPLIST_FILE = YES;
				IPHONEOS_DEPLOYMENT_TARGET = 16.2;
				MACOSX_DEPLOYMENT_TARGET = 13.0;
				MARKETING_VERSION = 1.0;
				PRODUCT_BUNDLE_IDENTIFIER = niall.rooney.HeresAFilmTests;
				PRODUCT_NAME = "$(TARGET_NAME)";
				SDKROOT = auto;
				SUPPORTED_PLATFORMS = "iphoneos iphonesimulator macosx";
				SWIFT_EMIT_LOC_STRINGS = NO;
				SWIFT_VERSION = 5.0;
				TARGETED_DEVICE_FAMILY = "1,2";
				TEST_HOST = "$(BUILT_PRODUCTS_DIR)/HeresAFilm.app/$(BUNDLE_EXECUTABLE_FOLDER_PATH)/HeresAFilm";
			};
			name = Release;
		};
		805038632991182500B79BBC /* Debug */ = {
			isa = XCBuildConfiguration;
			buildSettings = {
				ALWAYS_EMBED_SWIFT_STANDARD_LIBRARIES = YES;
				CODE_SIGN_STYLE = Automatic;
				CURRENT_PROJECT_VERSION = 1;
				DEVELOPMENT_TEAM = DV7K6U4KG2;
				GENERATE_INFOPLIST_FILE = YES;
				IPHONEOS_DEPLOYMENT_TARGET = 16.2;
				MACOSX_DEPLOYMENT_TARGET = 13.0;
				MARKETING_VERSION = 1.0;
				PRODUCT_BUNDLE_IDENTIFIER = niall.rooney.HeresAFilmUITests;
				PRODUCT_NAME = "$(TARGET_NAME)";
				SDKROOT = auto;
				SUPPORTED_PLATFORMS = "iphoneos iphonesimulator macosx";
				SWIFT_EMIT_LOC_STRINGS = NO;
				SWIFT_VERSION = 5.0;
				TARGETED_DEVICE_FAMILY = "1,2";
				TEST_TARGET_NAME = HeresAFilm;
			};
			name = Debug;
		};
		805038642991182500B79BBC /* Release */ = {
			isa = XCBuildConfiguration;
			buildSettings = {
				ALWAYS_EMBED_SWIFT_STANDARD_LIBRARIES = YES;
				CODE_SIGN_STYLE = Automatic;
				CURRENT_PROJECT_VERSION = 1;
				DEVELOPMENT_TEAM = DV7K6U4KG2;
				GENERATE_INFOPLIST_FILE = YES;
				IPHONEOS_DEPLOYMENT_TARGET = 16.2;
				MACOSX_DEPLOYMENT_TARGET = 13.0;
				MARKETING_VERSION = 1.0;
				PRODUCT_BUNDLE_IDENTIFIER = niall.rooney.HeresAFilmUITests;
				PRODUCT_NAME = "$(TARGET_NAME)";
				SDKROOT = auto;
				SUPPORTED_PLATFORMS = "iphoneos iphonesimulator macosx";
				SWIFT_EMIT_LOC_STRINGS = NO;
				SWIFT_VERSION = 5.0;
				TARGETED_DEVICE_FAMILY = "1,2";
				TEST_TARGET_NAME = HeresAFilm;
			};
			name = Release;
		};
/* End XCBuildConfiguration section */

/* Begin XCConfigurationList section */
		805038322991182100B79BBC /* Build configuration list for PBXProject "HeresAFilm" */ = {
			isa = XCConfigurationList;
			buildConfigurations = (
				8050385A2991182500B79BBC /* Debug */,
				8050385B2991182500B79BBC /* Release */,
			);
			defaultConfigurationIsVisible = 0;
			defaultConfigurationName = Release;
		};
		8050385C2991182500B79BBC /* Build configuration list for PBXNativeTarget "HeresAFilm" */ = {
			isa = XCConfigurationList;
			buildConfigurations = (
				8050385D2991182500B79BBC /* Debug */,
				8050385E2991182500B79BBC /* Release */,
			);
			defaultConfigurationIsVisible = 0;
			defaultConfigurationName = Release;
		};
		8050385F2991182500B79BBC /* Build configuration list for PBXNativeTarget "HeresAFilmTests" */ = {
			isa = XCConfigurationList;
			buildConfigurations = (
				805038602991182500B79BBC /* Debug */,
				805038612991182500B79BBC /* Release */,
			);
			defaultConfigurationIsVisible = 0;
			defaultConfigurationName = Release;
		};
		805038622991182500B79BBC /* Build configuration list for PBXNativeTarget "HeresAFilmUITests" */ = {
			isa = XCConfigurationList;
			buildConfigurations = (
				805038632991182500B79BBC /* Debug */,
				805038642991182500B79BBC /* Release */,
			);
			defaultConfigurationIsVisible = 0;
			defaultConfigurationName = Release;
		};
/* End XCConfigurationList section */

/* Begin XCRemoteSwiftPackageReference section */
		8050389829916EA700B79BBC /* XCRemoteSwiftPackageReference "Alamofire" */ = {
			isa = XCRemoteSwiftPackageReference;
			repositoryURL = "https://github.com/Alamofire/Alamofire.git";
			requirement = {
				kind = upToNextMajorVersion;
				minimumVersion = 5.0.0;
			};
		};
		8072F6CD2993E4350023E17D /* XCRemoteSwiftPackageReference "SwiftKeychainWrapper" */ = {
			isa = XCRemoteSwiftPackageReference;
			repositoryURL = "https://github.com/jrendel/SwiftKeychainWrapper";
			requirement = {
				kind = upToNextMajorVersion;
				minimumVersion = 4.0.0;
			};
		};
		8072F6E12993F9280023E17D /* XCRemoteSwiftPackageReference "keychain-swift" */ = {
			isa = XCRemoteSwiftPackageReference;
			repositoryURL = "https://github.com/evgenyneu/keychain-swift.git";
			requirement = {
				kind = upToNextMajorVersion;
				minimumVersion = 9.0.0;
			};
		};
/* End XCRemoteSwiftPackageReference section */

/* Begin XCSwiftPackageProductDependency section */
		8050389929916EA700B79BBC /* Alamofire */ = {
			isa = XCSwiftPackageProductDependency;
			package = 8050389829916EA700B79BBC /* XCRemoteSwiftPackageReference "Alamofire" */;
			productName = Alamofire;
		};
/* End XCSwiftPackageProductDependency section */
	};
	rootObject = 8050382F2991182100B79BBC /* Project object */;
}
